
Microsoft Visual Studio Solution File, Format Version 12.00
# Visual Studio Version 16
VisualStudioVersion = 16.0.30907.101
MinimumVisualStudioVersion = 10.0.40219.1
Project("{FAE04EC0-301F-11D3-BF4B-00C04F79EFBC}") = "App3", "App3\App3.csproj", "{99C15ADE-A57E-486F-89FA-9BDD40731F69}"
EndProject
Global
	GlobalSection(SolutionConfigurationPlatforms) = preSolution
		Debug|Any CPU = Debug|Any CPU
		Release|Any CPU = Release|Any CPU
	EndGlobalSection
	GlobalSection(ProjectConfigurationPlatforms) = postSolution
		{99C15ADE-A57E-486F-89FA-9BDD40731F69}.Debug|Any CPU.ActiveCfg = Debug|Any CPU
		{99C15ADE-A57E-486F-89FA-9BDD40731F69}.Debug|Any CPU.Build.0 = Debug|Any CPU
		{99C15ADE-A57E-486F-89FA-9BDD40731F69}.Debug|Any CPU.Deploy.0 = Debug|Any CPU
		{99C15ADE-A57E-486F-89FA-9BDD40731F69}.Release|Any CPU.ActiveCfg = Release|Any CPU
		{99C15ADE-A57E-486F-89FA-9BDD40731F69}.Release|Any CPU.Build.0 = Release|Any CPU
		{99C15ADE-A57E-486F-89FA-9BDD40731F69}.Release|Any CPU.Deploy.0 = Release|Any CPU
	EndGlobalSection
	GlobalSection(SolutionProperties) = preSolution
		HideSolutionNode = FALSE
	EndGlobalSection
	GlobalSection(ExtensibilityGlobals) = postSolution
		SolutionGuid = {642D726D-5461-4100-B8D6-E8F30A5AEC53}
	EndGlobalSection
EndGlobal
